
Microsoft Visual Studio Solution File, Format Version 12.00
# Visual Studio Version 17
VisualStudioVersion = 17.0.32126.317
MinimumVisualStudioVersion = 10.0.40219.1
Project("{FAE04EC0-301F-11D3-BF4B-00C04F79EFBC}") = "AdventOfCode2022", "AdventOfCode2022.csproj", "{7FE67CD1-40A0-435A-886E-2205B2FB859F}"
EndProject
Global
	GlobalSection(SolutionConfigurationPlatforms) = preSolution
		Debug|Any CPU = Debug|Any CPU
		Release|Any CPU = Release|Any CPU
	EndGlobalSection
	GlobalSection(ProjectConfigurationPlatforms) = postSolution
		{7FE67CD1-40A0-435A-886E-2205B2FB859F}.Debug|Any CPU.ActiveCfg = Debug|Any CPU
		{7FE67CD1-40A0-435A-886E-2205B2FB859F}.Debug|Any CPU.Build.0 = Debug|Any CPU
		{7FE67CD1-40A0-435A-886E-2205B2FB859F}.Release|Any CPU.ActiveCfg = Release|Any CPU
		{7FE67CD1-40A0-435A-886E-2205B2FB859F}.Release|Any CPU.Build.0 = Release|Any CPU
	EndGlobalSection
	GlobalSection(SolutionProperties) = preSolution
		HideSolutionNode = FALSE
	EndGlobalSection
	GlobalSection(ExtensibilityGlobals) = postSolution
		SolutionGuid = {481E9D1A-C29D-4CBB-A225-A79DA212C04C}
	EndGlobalSection
EndGlobal
